// !$*UTF8*$!
{
	archiveVersion = 1;
	classes = {
	};
	objectVersion = 46;
	objects = {

/* Begin PBXBuildFile section */
		F101552A18B14F900056DDBE /* raj.png in Resources */ = {isa = PBXBuildFile; fileRef = F101552918B14F900056DDBE /* raj.png */; };
		F1C9CE1B185D65CD00D22554 /* Foundation.framework in Frameworks */ = {isa = PBXBuildFile; fileRef = F1C9CE1A185D65CD00D22554 /* Foundation.framework */; };
		F1C9CE1D185D65CD00D22554 /* CoreGraphics.framework in Frameworks */ = {isa = PBXBuildFile; fileRef = F1C9CE1C185D65CD00D22554 /* CoreGraphics.framework */; };
		F1C9CE1F185D65CD00D22554 /* UIKit.framework in Frameworks */ = {isa = PBXBuildFile; fileRef = F1C9CE1E185D65CD00D22554 /* UIKit.framework */; };
		F1C9CE25185D65CD00D22554 /* InfoPlist.strings in Resources */ = {isa = PBXBuildFile; fileRef = F1C9CE23185D65CD00D22554 /* InfoPlist.strings */; };
		F1C9CE27185D65CD00D22554 /* main.m in Sources */ = {isa = PBXBuildFile; fileRef = F1C9CE26185D65CD00D22554 /* main.m */; };
		F1C9CE2B185D65CD00D22554 /* RFAppDelegate.m in Sources */ = {isa = PBXBuildFile; fileRef = F1C9CE2A185D65CD00D22554 /* RFAppDelegate.m */; };
		F1C9CE2E185D65CD00D22554 /* Main.storyboard in Resources */ = {isa = PBXBuildFile; fileRef = F1C9CE2C185D65CD00D22554 /* Main.storyboard */; };
		F1C9CE31185D65CD00D22554 /* RFViewController.m in Sources */ = {isa = PBXBuildFile; fileRef = F1C9CE30185D65CD00D22554 /* RFViewController.m */; };
		F1C9CE33185D65CD00D22554 /* Images.xcassets in Resources */ = {isa = PBXBuildFile; fileRef = F1C9CE32185D65CD00D22554 /* Images.xcassets */; };
		F1C9CE3A185D65CD00D22554 /* XCTest.framework in Frameworks */ = {isa = PBXBuildFile; fileRef = F1C9CE39185D65CD00D22554 /* XCTest.framework */; };
		F1C9CE3B185D65CD00D22554 /* Foundation.framework in Frameworks */ = {isa = PBXBuildFile; fileRef = F1C9CE1A185D65CD00D22554 /* Foundation.framework */; };
		F1C9CE3C185D65CD00D22554 /* UIKit.framework in Frameworks */ = {isa = PBXBuildFile; fileRef = F1C9CE1E185D65CD00D22554 /* UIKit.framework */; };
		F1C9CE44185D65CD00D22554 /* InfoPlist.strings in Resources */ = {isa = PBXBuildFile; fileRef = F1C9CE42185D65CD00D22554 /* InfoPlist.strings */; };
		F1C9CE46185D65CD00D22554 /* Raj_EscapeTests.m in Sources */ = {isa = PBXBuildFile; fileRef = F1C9CE45185D65CD00D22554 /* Raj_EscapeTests.m */; };
		F1C9CE54185D66ED00D22554 /* prison.jpg in Resources */ = {isa = PBXBuildFile; fileRef = F1C9CE53185D66ED00D22554 /* prison.jpg */; };
		F1C9CE56185D676900D22554 /* bane.jpg in Resources */ = {isa = PBXBuildFile; fileRef = F1C9CE55185D676900D22554 /* bane.jpg */; };
		F1C9CE58185D68C600D22554 /* AudioToolbox.framework in Frameworks */ = {isa = PBXBuildFile; fileRef = F1C9CE57185D68C600D22554 /* AudioToolbox.framework */; };
		F1C9CE5A185D68C900D22554 /* AVFoundation.framework in Frameworks */ = {isa = PBXBuildFile; fileRef = F1C9CE59185D68C900D22554 /* AVFoundation.framework */; };
		F1C9CE5E185D69AA00D22554 /* matt.m4a in Resources */ = {isa = PBXBuildFile; fileRef = F1C9CE5B185D69AA00D22554 /* matt.m4a */; };
		F1C9CE5F185D69AA00D22554 /* h.m4a in Resources */ = {isa = PBXBuildFile; fileRef = F1C9CE5C185D69AA00D22554 /* h.m4a */; };
		F1C9CE60185D69AA00D22554 /* Fart.m4a in Resources */ = {isa = PBXBuildFile; fileRef = F1C9CE5D185D69AA00D22554 /* Fart.m4a */; };
/* End PBXBuildFile section */

/* Begin PBXContainerItemProxy section */
		F1C9CE3D185D65CD00D22554 /* PBXContainerItemProxy */ = {
			isa = PBXContainerItemProxy;
			containerPortal = F1C9CE0F185D65CD00D22554 /* Project object */;
			proxyType = 1;
			remoteGlobalIDString = F1C9CE16185D65CD00D22554;
			remoteInfo = "Raj Escape";
		};
/* End PBXContainerItemProxy section */

/* Begin PBXFileReference section */
		F101552918B14F900056DDBE /* raj.png */ = {isa = PBXFileReference; lastKnownFileType = image.png; path = raj.png; sourceTree = "<group>"; };
		F1C9CE17185D65CD00D22554 /* Raj Escape.app */ = {isa = PBXFileReference; explicitFileType = wrapper.application; includeInIndex = 0; path = "Raj Escape.app"; sourceTree = BUILT_PRODUCTS_DIR; };
		F1C9CE1A185D65CD00D22554 /* Foundation.framework */ = {isa = PBXFileReference; lastKnownFileType = wrapper.framework; name = Foundation.framework; path = System/Library/Frameworks/Foundation.framework; sourceTree = SDKROOT; };
		F1C9CE1C185D65CD00D22554 /* CoreGraphics.framework */ = {isa = PBXFileReference; lastKnownFileType = wrapper.framework; name = CoreGraphics.framework; path = System/Library/Frameworks/CoreGraphics.framework; sourceTree = SDKROOT; };
		F1C9CE1E185D65CD00D22554 /* UIKit.framework */ = {isa = PBXFileReference; lastKnownFileType = wrapper.framework; name = UIKit.framework; path = System/Library/Frameworks/UIKit.framework; sourceTree = SDKROOT; };
		F1C9CE22185D65CD00D22554 /* Raj Escape-Info.plist */ = {isa = PBXFileReference; lastKnownFileType = text.plist.xml; path = "Raj Escape-Info.plist"; sourceTree = "<group>"; };
		F1C9CE24185D65CD00D22554 /* en */ = {isa = PBXFileReference; lastKnownFileType = text.plist.strings; name = en; path = en.lproj/InfoPlist.strings; sourceTree = "<group>"; };
		F1C9CE26185D65CD00D22554 /* main.m */ = {isa = PBXFileReference; lastKnownFileType = sourcecode.c.objc; path = main.m; sourceTree = "<group>"; };
		F1C9CE28185D65CD00D22554 /* Raj Escape-Prefix.pch */ = {isa = PBXFileReference; lastKnownFileType = sourcecode.c.h; path = "Raj Escape-Prefix.pch"; sourceTree = "<group>"; };
		F1C9CE29185D65CD00D22554 /* RFAppDelegate.h */ = {isa = PBXFileReference; lastKnownFileType = sourcecode.c.h; path = RFAppDelegate.h; sourceTree = "<group>"; };
		F1C9CE2A185D65CD00D22554 /* RFAppDelegate.m */ = {isa = PBXFileReference; lastKnownFileType = sourcecode.c.objc; path = RFAppDelegate.m; sourceTree = "<group>"; };
		F1C9CE2D185D65CD00D22554 /* Base */ = {isa = PBXFileReference; lastKnownFileType = file.storyboard; name = Base; path = Base.lproj/Main.storyboard; sourceTree = "<group>"; };
		F1C9CE2F185D65CD00D22554 /* RFViewController.h */ = {isa = PBXFileReference; lastKnownFileType = sourcecode.c.h; path = RFViewController.h; sourceTree = "<group>"; };
		F1C9CE30185D65CD00D22554 /* RFViewController.m */ = {isa = PBXFileReference; lastKnownFileType = sourcecode.c.objc; path = RFViewController.m; sourceTree = "<group>"; };
		F1C9CE32185D65CD00D22554 /* Images.xcassets */ = {isa = PBXFileReference; lastKnownFileType = folder.assetcatalog; path = Images.xcassets; sourceTree = "<group>"; };
		F1C9CE38185D65CD00D22554 /* Raj EscapeTests.xctest */ = {isa = PBXFileReference; explicitFileType = wrapper.cfbundle; includeInIndex = 0; path = "Raj EscapeTests.xctest"; sourceTree = BUILT_PRODUCTS_DIR; };
		F1C9CE39185D65CD00D22554 /* XCTest.framework */ = {isa = PBXFileReference; lastKnownFileType = wrapper.framework; name = XCTest.framework; path = Library/Frameworks/XCTest.framework; sourceTree = DEVELOPER_DIR; };
		F1C9CE41185D65CD00D22554 /* Raj EscapeTests-Info.plist */ = {isa = PBXFileReference; lastKnownFileType = text.plist.xml; path = "Raj EscapeTests-Info.plist"; sourceTree = "<group>"; };
		F1C9CE43185D65CD00D22554 /* en */ = {isa = PBXFileReference; lastKnownFileType = text.plist.strings; name = en; path = en.lproj/InfoPlist.strings; sourceTree = "<group>"; };
		F1C9CE45185D65CD00D22554 /* Raj_EscapeTests.m */ = {isa = PBXFileReference; lastKnownFileType = sourcecode.c.objc; path = Raj_EscapeTests.m; sourceTree = "<group>"; };
		F1C9CE53185D66ED00D22554 /* prison.jpg */ = {isa = PBXFileReference; lastKnownFileType = image.jpeg; path = prison.jpg; sourceTree = "<group>"; };
		F1C9CE55185D676900D22554 /* bane.jpg */ = {isa = PBXFileReference; lastKnownFileType = image.jpeg; path = bane.jpg; sourceTree = "<group>"; };
		F1C9CE57185D68C600D22554 /* AudioToolbox.framework */ = {isa = PBXFileReference; lastKnownFileType = wrapper.framework; name = AudioToolbox.framework; path = System/Library/Frameworks/AudioToolbox.framework; sourceTree = SDKROOT; };
		F1C9CE59185D68C900D22554 /* AVFoundation.framework */ = {isa = PBXFileReference; lastKnownFileType = wrapper.framework; name = AVFoundation.framework; path = System/Library/Frameworks/AVFoundation.framework; sourceTree = SDKROOT; };
		F1C9CE5B185D69AA00D22554 /* matt.m4a */ = {isa = PBXFileReference; lastKnownFileType = file; path = matt.m4a; sourceTree = "<group>"; };
		F1C9CE5C185D69AA00D22554 /* h.m4a */ = {isa = PBXFileReference; lastKnownFileType = file; path = h.m4a; sourceTree = "<group>"; };
		F1C9CE5D185D69AA00D22554 /* Fart.m4a */ = {isa = PBXFileReference; lastKnownFileType = file; path = Fart.m4a; sourceTree = "<group>"; };
/* End PBXFileReference section */

/* Begin PBXFrameworksBuildPhase section */
		F1C9CE14185D65CD00D22554 /* Frameworks */ = {
			isa = PBXFrameworksBuildPhase;
			buildActionMask = 2147483647;
			files = (
				F1C9CE5A185D68C900D22554 /* AVFoundation.framework in Frameworks */,
				F1C9CE58185D68C600D22554 /* AudioToolbox.framework in Frameworks */,
				F1C9CE1D185D65CD00D22554 /* CoreGraphics.framework in Frameworks */,
				F1C9CE1F185D65CD00D22554 /* UIKit.framework in Frameworks */,
				F1C9CE1B185D65CD00D22554 /* Foundation.framework in Frameworks */,
			);
			runOnlyForDeploymentPostprocessing = 0;
		};
		F1C9CE35185D65CD00D22554 /* Frameworks */ = {
			isa = PBXFrameworksBuildPhase;
			buildActionMask = 2147483647;
			files = (
				F1C9CE3A185D65CD00D22554 /* XCTest.framework in Frameworks */,
				F1C9CE3C185D65CD00D22554 /* UIKit.framework in Frameworks */,
				F1C9CE3B185D65CD00D22554 /* Foundation.framework in Frameworks */,
			);
			runOnlyForDeploymentPostprocessing = 0;
		};
/* End PBXFrameworksBuildPhase section */

/* Begin PBXGroup section */
		F1C9CE0E185D65CD00D22554 = {
			isa = PBXGroup;
			children = (
				F1C9CE20185D65CD00D22554 /* Raj Escape */,
				F1C9CE3F185D65CD00D22554 /* Raj EscapeTests */,
				F1C9CE19185D65CD00D22554 /* Frameworks */,
				F1C9CE18185D65CD00D22554 /* Products */,
			);
			sourceTree = "<group>";
		};
		F1C9CE18185D65CD00D22554 /* Products */ = {
			isa = PBXGroup;
			children = (
				F1C9CE17185D65CD00D22554 /* Raj Escape.app */,
				F1C9CE38185D65CD00D22554 /* Raj EscapeTests.xctest */,
			);
			name = Products;
			sourceTree = "<group>";
		};
		F1C9CE19185D65CD00D22554 /* Frameworks */ = {
			isa = PBXGroup;
			children = (
				F1C9CE59185D68C900D22554 /* AVFoundation.framework */,
				F1C9CE57185D68C600D22554 /* AudioToolbox.framework */,
				F1C9CE1A185D65CD00D22554 /* Foundation.framework */,
				F1C9CE1C185D65CD00D22554 /* CoreGraphics.framework */,
				F1C9CE1E185D65CD00D22554 /* UIKit.framework */,
				F1C9CE39185D65CD00D22554 /* XCTest.framework */,
			);
			name = Frameworks;
			sourceTree = "<group>";
		};
		F1C9CE20185D65CD00D22554 /* Raj Escape */ = {
			isa = PBXGroup;
			children = (
				F1C9CE29185D65CD00D22554 /* RFAppDelegate.h */,
				F1C9CE2A185D65CD00D22554 /* RFAppDelegate.m */,
				F1C9CE2C185D65CD00D22554 /* Main.storyboard */,
				F1C9CE2F185D65CD00D22554 /* RFViewController.h */,
				F1C9CE30185D65CD00D22554 /* RFViewController.m */,
				F1C9CE32185D65CD00D22554 /* Images.xcassets */,
				F1C9CE21185D65CD00D22554 /* Supporting Files */,
			);
			path = "Raj Escape";
			sourceTree = "<group>";
		};
		F1C9CE21185D65CD00D22554 /* Supporting Files */ = {
			isa = PBXGroup;
			children = (
				F101552918B14F900056DDBE /* raj.png */,
				F1C9CE5B185D69AA00D22554 /* matt.m4a */,
				F1C9CE5C185D69AA00D22554 /* h.m4a */,
				F1C9CE5D185D69AA00D22554 /* Fart.m4a */,
				F1C9CE55185D676900D22554 /* bane.jpg */,
				F1C9CE53185D66ED00D22554 /* prison.jpg */,
				F1C9CE22185D65CD00D22554 /* Raj Escape-Info.plist */,
				F1C9CE23185D65CD00D22554 /* InfoPlist.strings */,
				F1C9CE26185D65CD00D22554 /* main.m */,
				F1C9CE28185D65CD00D22554 /* Raj Escape-Prefix.pch */,
			);
			name = "Supporting Files";
			sourceTree = "<group>";
		};
		F1C9CE3F185D65CD00D22554 /* Raj EscapeTests */ = {
			isa = PBXGroup;
			children = (
				F1C9CE45185D65CD00D22554 /* Raj_EscapeTests.m */,
				F1C9CE40185D65CD00D22554 /* Supporting Files */,
			);
			path = "Raj EscapeTests";
			sourceTree = "<group>";
		};
		F1C9CE40185D65CD00D22554 /* Supporting Files */ = {
			isa = PBXGroup;
			children = (
				F1C9CE41185D65CD00D22554 /* Raj EscapeTests-Info.plist */,
				F1C9CE42185D65CD00D22554 /* InfoPlist.strings */,
			);
			name = "Supporting Files";
			sourceTree = "<group>";
		};
/* End PBXGroup section */

/* Begin PBXNativeTarget section */
		F1C9CE16185D65CD00D22554 /* Raj Escape */ = {
			isa = PBXNativeTarget;
			buildConfigurationList = F1C9CE49185D65CD00D22554 /* Build configuration list for PBXNativeTarget "Raj Escape" */;
			buildPhases = (
				F1C9CE13185D65CD00D22554 /* Sources */,
				F1C9CE14185D65CD00D22554 /* Frameworks */,
				F1C9CE15185D65CD00D22554 /* Resources */,
			);
			buildRules = (
			);
			dependencies = (
			);
			name = "Raj Escape";
			productName = "Raj Escape";
			productReference = F1C9CE17185D65CD00D22554 /* Raj Escape.app */;
			productType = "com.apple.product-type.application";
		};
		F1C9CE37185D65CD00D22554 /* Raj EscapeTests */ = {
			isa = PBXNativeTarget;
			buildConfigurationList = F1C9CE4C185D65CD00D22554 /* Build configuration list for PBXNativeTarget "Raj EscapeTests" */;
			buildPhases = (
				F1C9CE34185D65CD00D22554 /* Sources */,
				F1C9CE35185D65CD00D22554 /* Frameworks */,
				F1C9CE36185D65CD00D22554 /* Resources */,
			);
			buildRules = (
			);
			dependencies = (
				F1C9CE3E185D65CD00D22554 /* PBXTargetDependency */,
			);
			name = "Raj EscapeTests";
			productName = "Raj EscapeTests";
			productReference = F1C9CE38185D65CD00D22554 /* Raj EscapeTests.xctest */;
			productType = "com.apple.product-type.bundle.unit-test";
		};
/* End PBXNativeTarget section */

/* Begin PBXProject section */
		F1C9CE0F185D65CD00D22554 /* Project object */ = {
			isa = PBXProject;
			attributes = {
				CLASSPREFIX = RF;
				LastUpgradeCheck = 0500;
				ORGANIZATIONNAME = "Diego Calvo";
				TargetAttributes = {
					F1C9CE37185D65CD00D22554 = {
						TestTargetID = F1C9CE16185D65CD00D22554;
					};
				};
			};
			buildConfigurationList = F1C9CE12185D65CD00D22554 /* Build configuration list for PBXProject "Raj Escape" */;
			compatibilityVersion = "Xcode 3.2";
			developmentRegion = English;
			hasScannedForEncodings = 0;
			knownRegions = (
				en,
				Base,
			);
			mainGroup = F1C9CE0E185D65CD00D22554;
			productRefGroup = F1C9CE18185D65CD00D22554 /* Products */;
			projectDirPath = "";
			projectRoot = "";
			targets = (
				F1C9CE16185D65CD00D22554 /* Raj Escape */,
				F1C9CE37185D65CD00D22554 /* Raj EscapeTests */,
			);
		};
/* End PBXProject section */

/* Begin PBXResourcesBuildPhase section */
		F1C9CE15185D65CD00D22554 /* Resources */ = {
			isa = PBXResourcesBuildPhase;
			buildActionMask = 2147483647;
			files = (
				F1C9CE5E185D69AA00D22554 /* matt.m4a in Resources */,
				F1C9CE33185D65CD00D22554 /* Images.xcassets in Resources */,
				F1C9CE56185D676900D22554 /* bane.jpg in Resources */,
				F1C9CE54185D66ED00D22554 /* prison.jpg in Resources */,
				F101552A18B14F900056DDBE /* raj.png in Resources */,
				F1C9CE5F185D69AA00D22554 /* h.m4a in Resources */,
				F1C9CE25185D65CD00D22554 /* InfoPlist.strings in Resources */,
				F1C9CE2E185D65CD00D22554 /* Main.storyboard in Resources */,
				F1C9CE60185D69AA00D22554 /* Fart.m4a in Resources */,
			);
			runOnlyForDeploymentPostprocessing = 0;
		};
		F1C9CE36185D65CD00D22554 /* Resources */ = {
			isa = PBXResourcesBuildPhase;
			buildActionMask = 2147483647;
			files = (
				F1C9CE44185D65CD00D22554 /* InfoPlist.strings in Resources */,
			);
			runOnlyForDeploymentPostprocessing = 0;
		};
/* End PBXResourcesBuildPhase section */

/* Begin PBXSourcesBuildPhase section */
		F1C9CE13185D65CD00D22554 /* Sources */ = {
			isa = PBXSourcesBuildPhase;
			buildActionMask = 2147483647;
			files = (
				F1C9CE2B185D65CD00D22554 /* RFAppDelegate.m in Sources */,
				F1C9CE27185D65CD00D22554 /* main.m in Sources */,
				F1C9CE31185D65CD00D22554 /* RFViewController.m in Sources */,
			);
			runOnlyForDeploymentPostprocessing = 0;
		};
		F1C9CE34185D65CD00D22554 /* Sources */ = {
			isa = PBXSourcesBuildPhase;
			buildActionMask = 2147483647;
			files = (
				F1C9CE46185D65CD00D22554 /* Raj_EscapeTests.m in Sources */,
			);
			runOnlyForDeploymentPostprocessing = 0;
		};
/* End PBXSourcesBuildPhase section */

/* Begin PBXTargetDependency section */
		F1C9CE3E185D65CD00D22554 /* PBXTargetDependency */ = {
			isa = PBXTargetDependency;
			target = F1C9CE16185D65CD00D22554 /* Raj Escape */;
			targetProxy = F1C9CE3D185D65CD00D22554 /* PBXContainerItemProxy */;
		};
/* End PBXTargetDependency section */

/* Begin PBXVariantGroup section */
		F1C9CE23185D65CD00D22554 /* InfoPlist.strings */ = {
			isa = PBXVariantGroup;
			children = (
				F1C9CE24185D65CD00D22554 /* en */,
			);
			name = InfoPlist.strings;
			sourceTree = "<group>";
		};
		F1C9CE2C185D65CD00D22554 /* Main.storyboard */ = {
			isa = PBXVariantGroup;
			children = (
				F1C9CE2D185D65CD00D22554 /* Base */,
			);
			name = Main.storyboard;
			sourceTree = "<group>";
		};
		F1C9CE42185D65CD00D22554 /* InfoPlist.strings */ = {
			isa = PBXVariantGroup;
			children = (
				F1C9CE43185D65CD00D22554 /* en */,
			);
			name = InfoPlist.strings;
			sourceTree = "<group>";
		};
/* End PBXVariantGroup section */

/* Begin XCBuildConfiguration section */
		F1C9CE47185D65CD00D22554 /* Debug */ = {
			isa = XCBuildConfiguration;
			buildSettings = {
				ALWAYS_SEARCH_USER_PATHS = NO;
				ARCHS = "$(ARCHS_STANDARD_INCLUDING_64_BIT)";
				CLANG_CXX_LANGUAGE_STANDARD = "gnu++0x";
				CLANG_CXX_LIBRARY = "libc++";
				CLANG_ENABLE_MODULES = YES;
				CLANG_ENABLE_OBJC_ARC = YES;
				CLANG_WARN_BOOL_CONVERSION = YES;
				CLANG_WARN_CONSTANT_CONVERSION = YES;
				CLANG_WARN_DIRECT_OBJC_ISA_USAGE = YES_ERROR;
				CLANG_WARN_EMPTY_BODY = YES;
				CLANG_WARN_ENUM_CONVERSION = YES;
				CLANG_WARN_INT_CONVERSION = YES;
				CLANG_WARN_OBJC_ROOT_CLASS = YES_ERROR;
				CLANG_WARN__DUPLICATE_METHOD_MATCH = YES;
				"CODE_SIGN_IDENTITY[sdk=iphoneos*]" = "iPhone Developer";
				COPY_PHASE_STRIP = NO;
				GCC_C_LANGUAGE_STANDARD = gnu99;
				GCC_DYNAMIC_NO_PIC = NO;
				GCC_OPTIMIZATION_LEVEL = 0;
				GCC_PREPROCESSOR_DEFINITIONS = (
					"DEBUG=1",
					"$(inherited)",
				);
				GCC_SYMBOLS_PRIVATE_EXTERN = NO;
				GCC_WARN_64_TO_32_BIT_CONVERSION = YES;
				GCC_WARN_ABOUT_RETURN_TYPE = YES_ERROR;
				GCC_WARN_UNDECLARED_SELECTOR = YES;
				GCC_WARN_UNINITIALIZED_AUTOS = YES;
				GCC_WARN_UNUSED_FUNCTION = YES;
				GCC_WARN_UNUSED_VARIABLE = YES;
				IPHONEOS_DEPLOYMENT_TARGET = 7.0;
				ONLY_ACTIVE_ARCH = YES;
				SDKROOT = iphoneos;
			};
			name = Debug;
		};
		F1C9CE48185D65CD00D22554 /* Release */ = {
			isa = XCBuildConfiguration;
			buildSettings = {
				ALWAYS_SEARCH_USER_PATHS = NO;
				ARCHS = "$(ARCHS_STANDARD_INCLUDING_64_BIT)";
				CLANG_CXX_LANGUAGE_STANDARD = "gnu++0x";
				CLANG_CXX_LIBRARY = "libc++";
				CLANG_ENABLE_MODULES = YES;
				CLANG_ENABLE_OBJC_ARC = YES;
				CLANG_WARN_BOOL_CONVERSION = YES;
				CLANG_WARN_CONSTANT_CONVERSION = YES;
				CLANG_WARN_DIRECT_OBJC_ISA_USAGE = YES_ERROR;
				CLANG_WARN_EMPTY_BODY = YES;
				CLANG_WARN_ENUM_CONVERSION = YES;
				CLANG_WARN_INT_CONVERSION = YES;
				CLANG_WARN_OBJC_ROOT_CLASS = YES_ERROR;
				CLANG_WARN__DUPLICATE_METHOD_MATCH = YES;
				"CODE_SIGN_IDENTITY[sdk=iphoneos*]" = "iPhone Developer";
				COPY_PHASE_STRIP = YES;
				ENABLE_NS_ASSERTIONS = NO;
				GCC_C_LANGUAGE_STANDARD = gnu99;
				GCC_WARN_64_TO_32_BIT_CONVERSION = YES;
				GCC_WARN_ABOUT_RETURN_TYPE = YES_ERROR;
				GCC_WARN_UNDECLARED_SELECTOR = YES;
				GCC_WARN_UNINITIALIZED_AUTOS = YES;
				GCC_WARN_UNUSED_FUNCTION = YES;
				GCC_WARN_UNUSED_VARIABLE = YES;
				IPHONEOS_DEPLOYMENT_TARGET = 7.0;
				SDKROOT = iphoneos;
				VALIDATE_PRODUCT = YES;
			};
			name = Release;
		};
		F1C9CE4A185D65CD00D22554 /* Debug */ = {
			isa = XCBuildConfiguration;
			buildSettings = {
				ASSETCATALOG_COMPILER_APPICON_NAME = AppIcon;
				ASSETCATALOG_COMPILER_LAUNCHIMAGE_NAME = LaunchImage;
				GCC_PRECOMPILE_PREFIX_HEADER = YES;
				GCC_PREFIX_HEADER = "Raj Escape/Raj Escape-Prefix.pch";
				INFOPLIST_FILE = "Raj Escape/Raj Escape-Info.plist";
				PRODUCT_NAME = "$(TARGET_NAME)";
				WRAPPER_EXTENSION = app;
			};
			name = Debug;
		};
		F1C9CE4B185D65CD00D22554 /* Release */ = {
			isa = XCBuildConfiguration;
			buildSettings = {
				ASSETCATALOG_COMPILER_APPICON_NAME = AppIcon;
				ASSETCATALOG_COMPILER_LAUNCHIMAGE_NAME = LaunchImage;
				GCC_PRECOMPILE_PREFIX_HEADER = YES;
				GCC_PREFIX_HEADER = "Raj Escape/Raj Escape-Prefix.pch";
				INFOPLIST_FILE = "Raj Escape/Raj Escape-Info.plist";
				PRODUCT_NAME = "$(TARGET_NAME)";
				WRAPPER_EXTENSION = app;
			};
			name = Release;
		};
		F1C9CE4D185D65CD00D22554 /* Debug */ = {
			isa = XCBuildConfiguration;
			buildSettings = {
				ARCHS = "$(ARCHS_STANDARD_INCLUDING_64_BIT)";
				BUNDLE_LOADER = "$(BUILT_PRODUCTS_DIR)/Raj Escape.app/Raj Escape";
				FRAMEWORK_SEARCH_PATHS = (
					"$(SDKROOT)/Developer/Library/Frameworks",
					"$(inherited)",
					"$(DEVELOPER_FRAMEWORKS_DIR)",
				);
				GCC_PRECOMPILE_PREFIX_HEADER = YES;
				GCC_PREFIX_HEADER = "Raj Escape/Raj Escape-Prefix.pch";
				GCC_PREPROCESSOR_DEFINITIONS = (
					"DEBUG=1",
					"$(inherited)",
				);
				INFOPLIST_FILE = "Raj EscapeTests/Raj EscapeTests-Info.plist";
				PRODUCT_NAME = "$(TARGET_NAME)";
				TEST_HOST = "$(BUNDLE_LOADER)";
				WRAPPER_EXTENSION = xctest;
			};
			name = Debug;
		};
		F1C9CE4E185D65CD00D22554 /* Release */ = {
			isa = XCBuildConfiguration;
			buildSettings = {
				ARCHS = "$(ARCHS_STANDARD_INCLUDING_64_BIT)";
				BUNDLE_LOADER = "$(BUILT_PRODUCTS_DIR)/Raj Escape.app/Raj Escape";
				FRAMEWORK_SEARCH_PATHS = (
					"$(SDKROOT)/Developer/Library/Frameworks",
					"$(inherited)",
					"$(DEVELOPER_FRAMEWORKS_DIR)",
				);
				GCC_PRECOMPILE_PREFIX_HEADER = YES;
				GCC_PREFIX_HEADER = "Raj Escape/Raj Escape-Prefix.pch";
				INFOPLIST_FILE = "Raj EscapeTests/Raj EscapeTests-Info.plist";
				PRODUCT_NAME = "$(TARGET_NAME)";
				TEST_HOST = "$(BUNDLE_LOADER)";
				WRAPPER_EXTENSION = xctest;
			};
			name = Release;
		};
/* End XCBuildConfiguration section */

/* Begin XCConfigurationList section */
		F1C9CE12185D65CD00D22554 /* Build configuration list for PBXProject "Raj Escape" */ = {
			isa = XCConfigurationList;
			buildConfigurations = (
				F1C9CE47185D65CD00D22554 /* Debug */,
				F1C9CE48185D65CD00D22554 /* Release */,
			);
			defaultConfigurationIsVisible = 0;
			defaultConfigurationName = Release;
		};
		F1C9CE49185D65CD00D22554 /* Build configuration list for PBXNativeTarget "Raj Escape" */ = {
			isa = XCConfigurationList;
			buildConfigurations = (
				F1C9CE4A185D65CD00D22554 /* Debug */,
				F1C9CE4B185D65CD00D22554 /* Release */,
			);
			defaultConfigurationIsVisible = 0;
			defaultConfigurationName = Release;
		};
		F1C9CE4C185D65CD00D22554 /* Build configuration list for PBXNativeTarget "Raj EscapeTests" */ = {
			isa = XCConfigurationList;
			buildConfigurations = (
				F1C9CE4D185D65CD00D22554 /* Debug */,
				F1C9CE4E185D65CD00D22554 /* Release */,
			);
			defaultConfigurationIsVisible = 0;
			defaultConfigurationName = Release;
		};
/* End XCConfigurationList section */
	};
	rootObject = F1C9CE0F185D65CD00D22554 /* Project object */;
}
